
Microsoft Visual Studio Solution File, Format Version 12.00
# Visual Studio Version 16
VisualStudioVersion = 16.0.31911.196
MinimumVisualStudioVersion = 10.0.40219.1
Project("{FAE04EC0-301F-11D3-BF4B-00C04F79EFBC}") = "Ai Project - N queen", "Ai Project - N queen.csproj", "{1455A04A-7413-491F-B59B-AB586731BFB9}"
EndProject
Global
	GlobalSection(SolutionConfigurationPlatforms) = preSolution
		Debug|Any CPU = Debug|Any CPU
		Release|Any CPU = Release|Any CPU
	EndGlobalSection
	GlobalSection(ProjectConfigurationPlatforms) = postSolution
		{1455A04A-7413-491F-B59B-AB586731BFB9}.Debug|Any CPU.ActiveCfg = Debug|Any CPU
		{1455A04A-7413-491F-B59B-AB586731BFB9}.Debug|Any CPU.Build.0 = Debug|Any CPU
		{1455A04A-7413-491F-B59B-AB586731BFB9}.Release|Any CPU.ActiveCfg = Release|Any CPU
		{1455A04A-7413-491F-B59B-AB586731BFB9}.Release|Any CPU.Build.0 = Release|Any CPU
	EndGlobalSection
	GlobalSection(SolutionProperties) = preSolution
		HideSolutionNode = FALSE
	EndGlobalSection
	GlobalSection(ExtensibilityGlobals) = postSolution
		SolutionGuid = {DD2A2498-CFA6-46F5-8865-8F25BF893F8B}
	EndGlobalSection
EndGlobal
